
Microsoft Visual Studio Solution File, Format Version 12.00
# Visual Studio Version 16
VisualStudioVersion = 16.0.31229.75
MinimumVisualStudioVersion = 10.0.40219.1
Project("{FAE04EC0-301F-11D3-BF4B-00C04F79EFBC}") = "31032022", "31032022.csproj", "{6EB18C81-FEAD-437D-95B7-1BB81EB389FD}"
EndProject
Global
	GlobalSection(SolutionConfigurationPlatforms) = preSolution
		Debug|Any CPU = Debug|Any CPU
		Release|Any CPU = Release|Any CPU
	EndGlobalSection
	GlobalSection(ProjectConfigurationPlatforms) = postSolution
		{6EB18C81-FEAD-437D-95B7-1BB81EB389FD}.Debug|Any CPU.ActiveCfg = Debug|Any CPU
		{6EB18C81-FEAD-437D-95B7-1BB81EB389FD}.Debug|Any CPU.Build.0 = Debug|Any CPU
		{6EB18C81-FEAD-437D-95B7-1BB81EB389FD}.Release|Any CPU.ActiveCfg = Release|Any CPU
		{6EB18C81-FEAD-437D-95B7-1BB81EB389FD}.Release|Any CPU.Build.0 = Release|Any CPU
	EndGlobalSection
	GlobalSection(SolutionProperties) = preSolution
		HideSolutionNode = FALSE
	EndGlobalSection
	GlobalSection(ExtensibilityGlobals) = postSolution
		SolutionGuid = {F6CF2753-3517-489E-886F-C24C51DCE599}
	EndGlobalSection
EndGlobal
